
Microsoft Visual Studio Solution File, Format Version 10.00
# Visual Studio 2012
Project("{FAE04EC0-301F-11D3-BF4B-00C04F79EFBC}") = "ConsoleApplication4", "ConsoleApplication4\ConsoleApplication4.csproj", "{DAA59E58-52BD-4B1F-B2B7-4A4147F00075}"
EndProject
Project("{FAE04EC0-301F-11D3-BF4B-00C04F79EFBC}") = "WpfApplication1", "WpfApplication1\WpfApplication1.csproj", "{70a75b9a-2343-4cd3-8541-38c63696e422}"
EndProject
Global
	GlobalSection(SolutionConfigurationPlatforms) = preSolution
		Debug|Any CPU = Debug|Any CPU
		Release|Any CPU = Release|Any CPU
	EndGlobalSection
	GlobalSection(ProjectConfigurationPlatforms) = postSolution
		{DAA59E58-52BD-4B1F-B2B7-4A4147F00075}.Debug|Any CPU.ActiveCfg = Debug|Any CPU
		{DAA59E58-52BD-4B1F-B2B7-4A4147F00075}.Debug|Any CPU.Build.0 = Debug|Any CPU
		{DAA59E58-52BD-4B1F-B2B7-4A4147F00075}.Release|Any CPU.ActiveCfg = Release|Any CPU
		{DAA59E58-52BD-4B1F-B2B7-4A4147F00075}.Release|Any CPU.Build.0 = Release|Any CPU
		{70A75B9A-2343-4CD3-8541-38C63696E422}.Debug|Any CPU.ActiveCfg = Debug|Any CPU
		{70A75B9A-2343-4CD3-8541-38C63696E422}.Debug|Any CPU.Build.0 = Debug|Any CPU
		{70A75B9A-2343-4CD3-8541-38C63696E422}.Release|Any CPU.ActiveCfg = Release|Any CPU
		{70A75B9A-2343-4CD3-8541-38C63696E422}.Release|Any CPU.Build.0 = Release|Any CPU
	EndGlobalSection
	GlobalSection(SolutionProperties) = preSolution
		HideSolutionNode = FALSE
	EndGlobalSection
EndGlobal
